
Microsoft Visual Studio Solution File, Format Version 12.00
# Visual Studio Version 17
VisualStudioVersion = 17.14.36121.58 d17.14
MinimumVisualStudioVersion = 10.0.40219.1
Project("{FAE04EC0-301F-11D3-BF4B-00C04F79EFBC}") = "Entities", "Entities\Entities.csproj", "{48DAE9EC-E834-456B-93D7-191D63413091}"
EndProject
Global
	GlobalSection(SolutionConfigurationPlatforms) = preSolution
		Debug|Any CPU = Debug|Any CPU
		Release|Any CPU = Release|Any CPU
	EndGlobalSection
	GlobalSection(ProjectConfigurationPlatforms) = postSolution
		{48DAE9EC-E834-456B-93D7-191D63413091}.Debug|Any CPU.ActiveCfg = Debug|Any CPU
		{48DAE9EC-E834-456B-93D7-191D63413091}.Debug|Any CPU.Build.0 = Debug|Any CPU
		{48DAE9EC-E834-456B-93D7-191D63413091}.Release|Any CPU.ActiveCfg = Release|Any CPU
		{48DAE9EC-E834-456B-93D7-191D63413091}.Release|Any CPU.Build.0 = Release|Any CPU
	EndGlobalSection
	GlobalSection(SolutionProperties) = preSolution
		HideSolutionNode = FALSE
	EndGlobalSection
	GlobalSection(ExtensibilityGlobals) = postSolution
		SolutionGuid = {A6F93C8D-BA61-4459-9D12-267FB1DF52B4}
	EndGlobalSection
EndGlobal
